
Microsoft Visual Studio Solution File, Format Version 12.00
# Visual Studio Version 17
VisualStudioVersion = 17.1.32421.90
MinimumVisualStudioVersion = 10.0.40219.1
Project("{FAE04EC0-301F-11D3-BF4B-00C04F79EFBC}") = "Task1Doamin", "Task1Doamin\Task1Doamin.csproj", "{E30B885D-E6FA-4685-9501-C12F15EC4150}"
EndProject
Project("{FAE04EC0-301F-11D3-BF4B-00C04F79EFBC}") = "Task1utilizes", "Task1utilizes\Task1utilizes.csproj", "{30BBA52A-74CC-4890-974A-07A4DF14B643}"
EndProject
Global
	GlobalSection(SolutionConfigurationPlatforms) = preSolution
		Debug|Any CPU = Debug|Any CPU
		Release|Any CPU = Release|Any CPU
	EndGlobalSection
	GlobalSection(ProjectConfigurationPlatforms) = postSolution
		{E30B885D-E6FA-4685-9501-C12F15EC4150}.Debug|Any CPU.ActiveCfg = Debug|Any CPU
		{E30B885D-E6FA-4685-9501-C12F15EC4150}.Debug|Any CPU.Build.0 = Debug|Any CPU
		{E30B885D-E6FA-4685-9501-C12F15EC4150}.Release|Any CPU.ActiveCfg = Release|Any CPU
		{E30B885D-E6FA-4685-9501-C12F15EC4150}.Release|Any CPU.Build.0 = Release|Any CPU
		{30BBA52A-74CC-4890-974A-07A4DF14B643}.Debug|Any CPU.ActiveCfg = Debug|Any CPU
		{30BBA52A-74CC-4890-974A-07A4DF14B643}.Debug|Any CPU.Build.0 = Debug|Any CPU
		{30BBA52A-74CC-4890-974A-07A4DF14B643}.Release|Any CPU.ActiveCfg = Release|Any CPU
		{30BBA52A-74CC-4890-974A-07A4DF14B643}.Release|Any CPU.Build.0 = Release|Any CPU
	EndGlobalSection
	GlobalSection(SolutionProperties) = preSolution
		HideSolutionNode = FALSE
	EndGlobalSection
	GlobalSection(ExtensibilityGlobals) = postSolution
		SolutionGuid = {4EDB4B6C-7ED9-40F2-9CB9-61BC67A59CC0}
	EndGlobalSection
EndGlobal
